// !$*UTF8*$!
{
	archiveVersion = 1;
	classes = {
	};
	objectVersion = 50;
	objects = {

/* Begin PBXBuildFile section */
		201E129B24AFB3AF00C01F47 /* AppDelegate.swift in Sources */ = {isa = PBXBuildFile; fileRef = 201E129A24AFB3AF00C01F47 /* AppDelegate.swift */; };
		201E129D24AFB3AF00C01F47 /* SceneDelegate.swift in Sources */ = {isa = PBXBuildFile; fileRef = 201E129C24AFB3AF00C01F47 /* SceneDelegate.swift */; };
		201E129F24AFB3AF00C01F47 /* ViewController.swift in Sources */ = {isa = PBXBuildFile; fileRef = 201E129E24AFB3AF00C01F47 /* ViewController.swift */; };
		201E12A224AFB3AF00C01F47 /* Main.storyboard in Resources */ = {isa = PBXBuildFile; fileRef = 201E12A024AFB3AF00C01F47 /* Main.storyboard */; };
		201E12A424AFB3B000C01F47 /* Assets.xcassets in Resources */ = {isa = PBXBuildFile; fileRef = 201E12A324AFB3B000C01F47 /* Assets.xcassets */; };
		201E12A724AFB3B000C01F47 /* LaunchScreen.storyboard in Resources */ = {isa = PBXBuildFile; fileRef = 201E12A524AFB3B000C01F47 /* LaunchScreen.storyboard */; };
		201E12AF24AFB3BD00C01F47 /* Renderer.swift in Sources */ = {isa = PBXBuildFile; fileRef = 201E12AE24AFB3BD00C01F47 /* Renderer.swift */; };
		201E12B124AFB88B00C01F47 /* Shader.metal in Sources */ = {isa = PBXBuildFile; fileRef = 201E12B024AFB88B00C01F47 /* Shader.metal */; };
		2030F29624BC309300B833DF /* Utilities.swift in Sources */ = {isa = PBXBuildFile; fileRef = 2030F29524BC309300B833DF /* Utilities.swift */; };
		2030F2A424BC30BF00B833DF /* youlose.png in Resources */ = {isa = PBXBuildFile; fileRef = 2030F29824BC30BF00B833DF /* youlose.png */; };
		2030F2A524BC30BF00B833DF /* border.png in Resources */ = {isa = PBXBuildFile; fileRef = 2030F29924BC30BF00B833DF /* border.png */; };
		2030F2A624BC30BF00B833DF /* ball.png in Resources */ = {isa = PBXBuildFile; fileRef = 2030F29A24BC30BF00B833DF /* ball.png */; };
		2030F2A724BC30BF00B833DF /* paddle.obj in Resources */ = {isa = PBXBuildFile; fileRef = 2030F29B24BC30BF00B833DF /* paddle.obj */; };
		2030F2A824BC30BF00B833DF /* youwin.png in Resources */ = {isa = PBXBuildFile; fileRef = 2030F29C24BC30BF00B833DF /* youwin.png */; };
		2030F2A924BC30BF00B833DF /* youwin.obj in Resources */ = {isa = PBXBuildFile; fileRef = 2030F29D24BC30BF00B833DF /* youwin.obj */; };
		2030F2AA24BC30BF00B833DF /* paddle.png in Resources */ = {isa = PBXBuildFile; fileRef = 2030F29E24BC30BF00B833DF /* paddle.png */; };
		2030F2AB24BC30BF00B833DF /* ball.obj in Resources */ = {isa = PBXBuildFile; fileRef = 2030F29F24BC30BF00B833DF /* ball.obj */; };
		2030F2AC24BC30BF00B833DF /* border.obj in Resources */ = {isa = PBXBuildFile; fileRef = 2030F2A024BC30BF00B833DF /* border.obj */; };
		2030F2AD24BC30BF00B833DF /* youlose.obj in Resources */ = {isa = PBXBuildFile; fileRef = 2030F2A124BC30BF00B833DF /* youlose.obj */; };
		2030F2AE24BC30BF00B833DF /* brick.obj in Resources */ = {isa = PBXBuildFile; fileRef = 2030F2A224BC30BF00B833DF /* brick.obj */; };
		2030F2AF24BC30BF00B833DF /* brick.png in Resources */ = {isa = PBXBuildFile; fileRef = 2030F2A324BC30BF00B833DF /* brick.png */; };
		2030F2B324BC31F000B833DF /* bulletstorm_bg_v1.mp3 in Resources */ = {isa = PBXBuildFile; fileRef = 2030F2B124BC31F000B833DF /* bulletstorm_bg_v1.mp3 */; };
		2030F2B424BC31F000B833DF /* pop.wav in Resources */ = {isa = PBXBuildFile; fileRef = 2030F2B224BC31F000B833DF /* pop.wav */; };
		2030F2B624BC4E2C00B833DF /* SoundController.swift in Sources */ = {isa = PBXBuildFile; fileRef = 2030F2B524BC4E2C00B833DF /* SoundController.swift */; };
		20416BBD24B77B6D005CF8B8 /* Model.swift in Sources */ = {isa = PBXBuildFile; fileRef = 20416BBC24B77B6D005CF8B8 /* Model.swift */; };
		20416BC824B78408005CF8B8 /* texturedCube.blend in Resources */ = {isa = PBXBuildFile; fileRef = 20416BC024B78408005CF8B8 /* texturedCube.blend */; };
		20416BC924B78408005CF8B8 /* texturedCube.png in Resources */ = {isa = PBXBuildFile; fileRef = 20416BC124B78408005CF8B8 /* texturedCube.png */; };
		20416BCA24B78408005CF8B8 /* texturedCube.obj in Resources */ = {isa = PBXBuildFile; fileRef = 20416BC224B78408005CF8B8 /* texturedCube.obj */; };
		20416BCB24B78408005CF8B8 /* humanFigure.obj in Resources */ = {isa = PBXBuildFile; fileRef = 20416BC424B78408005CF8B8 /* humanFigure.obj */; };
		20416BCC24B78408005CF8B8 /* mushroom.png in Resources */ = {isa = PBXBuildFile; fileRef = 20416BC624B78408005CF8B8 /* mushroom.png */; };
		20416BCD24B78408005CF8B8 /* mushroom.obj in Resources */ = {isa = PBXBuildFile; fileRef = 20416BC724B78408005CF8B8 /* mushroom.obj */; };
		204806AD24B132F0006C27D0 /* picture-frame-mask.png in Resources */ = {isa = PBXBuildFile; fileRef = 204806AA24B132F0006C27D0 /* picture-frame-mask.png */; };
		204806AE24B132F0006C27D0 /* picture-frame.png in Resources */ = {isa = PBXBuildFile; fileRef = 204806AB24B132F0006C27D0 /* picture-frame.png */; };
		204806AF24B132F0006C27D0 /* picture.png in Resources */ = {isa = PBXBuildFile; fileRef = 204806AC24B132F0006C27D0 /* picture.png */; };
		2048A88A24B1C6A500D0EBAD /* MatrixMath.swift in Sources */ = {isa = PBXBuildFile; fileRef = 2048A88924B1C6A500D0EBAD /* MatrixMath.swift */; };
		2059CD4624BC729C00B7EC18 /* GameOverScene.swift in Sources */ = {isa = PBXBuildFile; fileRef = 2059CD4524BC729C00B7EC18 /* GameOverScene.swift */; };
		206610BB24B6AE9400FD7F4B /* Primitive.swift in Sources */ = {isa = PBXBuildFile; fileRef = 206610BA24B6AE9400FD7F4B /* Primitive.swift */; };
		206610BD24B6B05600FD7F4B /* Cube.swift in Sources */ = {isa = PBXBuildFile; fileRef = 206610BC24B6B05600FD7F4B /* Cube.swift */; };
		206610C124B6E7F800FD7F4B /* Camera.swift in Sources */ = {isa = PBXBuildFile; fileRef = 206610C024B6E7F800FD7F4B /* Camera.swift */; };
		207C950C24B977790077367A /* LightingScene.swift in Sources */ = {isa = PBXBuildFile; fileRef = 207C950B24B977790077367A /* LightingScene.swift */; };
		209D195D24B8348C00681958 /* sun.obj in Resources */ = {isa = PBXBuildFile; fileRef = 209D195C24B8348C00681958 /* sun.obj */; };
		209D195F24B8353300681958 /* LandscapeScene.swift in Sources */ = {isa = PBXBuildFile; fileRef = 209D195E24B8353300681958 /* LandscapeScene.swift */; };
		209D196124B83B8A00681958 /* CrowdScene.swift in Sources */ = {isa = PBXBuildFile; fileRef = 209D196024B83B8A00681958 /* CrowdScene.swift */; };
		209D196324B83F9200681958 /* Instance.swift in Sources */ = {isa = PBXBuildFile; fileRef = 209D196224B83F9200681958 /* Instance.swift */; };
		209D196524B845D800681958 /* InstanceScene.swift in Sources */ = {isa = PBXBuildFile; fileRef = 209D196424B845D800681958 /* InstanceScene.swift */; };
		20D7304124B01F5600028FE8 /* Scene.swift in Sources */ = {isa = PBXBuildFile; fileRef = 20D7304024B01F5600028FE8 /* Scene.swift */; };
		20D7304324B01F6500028FE8 /* GameScene.swift in Sources */ = {isa = PBXBuildFile; fileRef = 20D7304224B01F6500028FE8 /* GameScene.swift */; };
		20D7304524B01F7600028FE8 /* Node.swift in Sources */ = {isa = PBXBuildFile; fileRef = 20D7304424B01F7600028FE8 /* Node.swift */; };
		20D7304724B01F7F00028FE8 /* Plane.swift in Sources */ = {isa = PBXBuildFile; fileRef = 20D7304624B01F7F00028FE8 /* Plane.swift */; };
		20D7304B24B0497400028FE8 /* Types.swift in Sources */ = {isa = PBXBuildFile; fileRef = 20D7304A24B0497400028FE8 /* Types.swift */; };
		20D7304D24B0531F00028FE8 /* Renderable.swift in Sources */ = {isa = PBXBuildFile; fileRef = 20D7304C24B0531F00028FE8 /* Renderable.swift */; };
		20D7305124B07A6500028FE8 /* Texturable.swift in Sources */ = {isa = PBXBuildFile; fileRef = 20D7305024B07A6500028FE8 /* Texturable.swift */; };
		20F3301624B853F80012D204 /* grass.obj in Resources */ = {isa = PBXBuildFile; fileRef = 20F3301524B853F80012D204 /* grass.obj */; };
/* End PBXBuildFile section */

/* Begin PBXFileReference section */
		201E129724AFB3AF00C01F47 /* BrickBreak.app */ = {isa = PBXFileReference; explicitFileType = wrapper.application; includeInIndex = 0; path = BrickBreak.app; sourceTree = BUILT_PRODUCTS_DIR; };
		201E129A24AFB3AF00C01F47 /* AppDelegate.swift */ = {isa = PBXFileReference; lastKnownFileType = sourcecode.swift; path = AppDelegate.swift; sourceTree = "<group>"; };
		201E129C24AFB3AF00C01F47 /* SceneDelegate.swift */ = {isa = PBXFileReference; lastKnownFileType = sourcecode.swift; path = SceneDelegate.swift; sourceTree = "<group>"; };
		201E129E24AFB3AF00C01F47 /* ViewController.swift */ = {isa = PBXFileReference; lastKnownFileType = sourcecode.swift; path = ViewController.swift; sourceTree = "<group>"; };
		201E12A124AFB3AF00C01F47 /* Base */ = {isa = PBXFileReference; lastKnownFileType = file.storyboard; name = Base; path = Base.lproj/Main.storyboard; sourceTree = "<group>"; };
		201E12A324AFB3B000C01F47 /* Assets.xcassets */ = {isa = PBXFileReference; lastKnownFileType = folder.assetcatalog; path = Assets.xcassets; sourceTree = "<group>"; };
		201E12A624AFB3B000C01F47 /* Base */ = {isa = PBXFileReference; lastKnownFileType = file.storyboard; name = Base; path = Base.lproj/LaunchScreen.storyboard; sourceTree = "<group>"; };
		201E12A824AFB3B000C01F47 /* Info.plist */ = {isa = PBXFileReference; lastKnownFileType = text.plist.xml; path = Info.plist; sourceTree = "<group>"; };
		201E12AE24AFB3BD00C01F47 /* Renderer.swift */ = {isa = PBXFileReference; lastKnownFileType = sourcecode.swift; path = Renderer.swift; sourceTree = "<group>"; };
		201E12B024AFB88B00C01F47 /* Shader.metal */ = {isa = PBXFileReference; lastKnownFileType = sourcecode.metal; path = Shader.metal; sourceTree = "<group>"; };
		2030F29524BC309300B833DF /* Utilities.swift */ = {isa = PBXFileReference; fileEncoding = 4; lastKnownFileType = sourcecode.swift; path = Utilities.swift; sourceTree = "<group>"; };
		2030F29824BC30BF00B833DF /* youlose.png */ = {isa = PBXFileReference; lastKnownFileType = image.png; path = youlose.png; sourceTree = "<group>"; };
		2030F29924BC30BF00B833DF /* border.png */ = {isa = PBXFileReference; lastKnownFileType = image.png; path = border.png; sourceTree = "<group>"; };
		2030F29A24BC30BF00B833DF /* ball.png */ = {isa = PBXFileReference; lastKnownFileType = image.png; path = ball.png; sourceTree = "<group>"; };
		2030F29B24BC30BF00B833DF /* paddle.obj */ = {isa = PBXFileReference; fileEncoding = 4; lastKnownFileType = text; path = paddle.obj; sourceTree = "<group>"; };
		2030F29C24BC30BF00B833DF /* youwin.png */ = {isa = PBXFileReference; lastKnownFileType = image.png; path = youwin.png; sourceTree = "<group>"; };
		2030F29D24BC30BF00B833DF /* youwin.obj */ = {isa = PBXFileReference; fileEncoding = 4; lastKnownFileType = text; path = youwin.obj; sourceTree = "<group>"; };
		2030F29E24BC30BF00B833DF /* paddle.png */ = {isa = PBXFileReference; lastKnownFileType = image.png; path = paddle.png; sourceTree = "<group>"; };
		2030F29F24BC30BF00B833DF /* ball.obj */ = {isa = PBXFileReference; fileEncoding = 4; lastKnownFileType = text; path = ball.obj; sourceTree = "<group>"; };
		2030F2A024BC30BF00B833DF /* border.obj */ = {isa = PBXFileReference; fileEncoding = 4; lastKnownFileType = text; path = border.obj; sourceTree = "<group>"; };
		2030F2A124BC30BF00B833DF /* youlose.obj */ = {isa = PBXFileReference; fileEncoding = 4; lastKnownFileType = text; path = youlose.obj; sourceTree = "<group>"; };
		2030F2A224BC30BF00B833DF /* brick.obj */ = {isa = PBXFileReference; fileEncoding = 4; lastKnownFileType = text; path = brick.obj; sourceTree = "<group>"; };
		2030F2A324BC30BF00B833DF /* brick.png */ = {isa = PBXFileReference; lastKnownFileType = image.png; path = brick.png; sourceTree = "<group>"; };
		2030F2B124BC31F000B833DF /* bulletstorm_bg_v1.mp3 */ = {isa = PBXFileReference; lastKnownFileType = audio.mp3; path = bulletstorm_bg_v1.mp3; sourceTree = "<group>"; };
		2030F2B224BC31F000B833DF /* pop.wav */ = {isa = PBXFileReference; lastKnownFileType = audio.wav; path = pop.wav; sourceTree = "<group>"; };
		2030F2B524BC4E2C00B833DF /* SoundController.swift */ = {isa = PBXFileReference; lastKnownFileType = sourcecode.swift; path = SoundController.swift; sourceTree = "<group>"; };
		20416BBC24B77B6D005CF8B8 /* Model.swift */ = {isa = PBXFileReference; lastKnownFileType = sourcecode.swift; path = Model.swift; sourceTree = "<group>"; };
		20416BC024B78408005CF8B8 /* texturedCube.blend */ = {isa = PBXFileReference; lastKnownFileType = file; path = texturedCube.blend; sourceTree = "<group>"; };
		20416BC124B78408005CF8B8 /* texturedCube.png */ = {isa = PBXFileReference; lastKnownFileType = image.png; path = texturedCube.png; sourceTree = "<group>"; };
		20416BC224B78408005CF8B8 /* texturedCube.obj */ = {isa = PBXFileReference; fileEncoding = 4; lastKnownFileType = text; path = texturedCube.obj; sourceTree = "<group>"; };
		20416BC424B78408005CF8B8 /* humanFigure.obj */ = {isa = PBXFileReference; fileEncoding = 4; lastKnownFileType = text; path = humanFigure.obj; sourceTree = "<group>"; };
		20416BC624B78408005CF8B8 /* mushroom.png */ = {isa = PBXFileReference; lastKnownFileType = image.png; path = mushroom.png; sourceTree = "<group>"; };
		20416BC724B78408005CF8B8 /* mushroom.obj */ = {isa = PBXFileReference; fileEncoding = 4; lastKnownFileType = text; path = mushroom.obj; sourceTree = "<group>"; };
		204806AA24B132F0006C27D0 /* picture-frame-mask.png */ = {isa = PBXFileReference; lastKnownFileType = image.png; path = "picture-frame-mask.png"; sourceTree = "<group>"; };
		204806AB24B132F0006C27D0 /* picture-frame.png */ = {isa = PBXFileReference; lastKnownFileType = image.png; path = "picture-frame.png"; sourceTree = "<group>"; };
		204806AC24B132F0006C27D0 /* picture.png */ = {isa = PBXFileReference; lastKnownFileType = image.png; path = picture.png; sourceTree = "<group>"; };
		2048A88924B1C6A500D0EBAD /* MatrixMath.swift */ = {isa = PBXFileReference; fileEncoding = 4; lastKnownFileType = sourcecode.swift; path = MatrixMath.swift; sourceTree = "<group>"; };
		2059CD4524BC729C00B7EC18 /* GameOverScene.swift */ = {isa = PBXFileReference; lastKnownFileType = sourcecode.swift; path = GameOverScene.swift; sourceTree = "<group>"; };
		206610BA24B6AE9400FD7F4B /* Primitive.swift */ = {isa = PBXFileReference; lastKnownFileType = sourcecode.swift; path = Primitive.swift; sourceTree = "<group>"; };
		206610BC24B6B05600FD7F4B /* Cube.swift */ = {isa = PBXFileReference; lastKnownFileType = sourcecode.swift; path = Cube.swift; sourceTree = "<group>"; };
		206610C024B6E7F800FD7F4B /* Camera.swift */ = {isa = PBXFileReference; lastKnownFileType = sourcecode.swift; path = Camera.swift; sourceTree = "<group>"; };
		207C950B24B977790077367A /* LightingScene.swift */ = {isa = PBXFileReference; lastKnownFileType = sourcecode.swift; path = LightingScene.swift; sourceTree = "<group>"; };
		209D195C24B8348C00681958 /* sun.obj */ = {isa = PBXFileReference; fileEncoding = 4; lastKnownFileType = text; path = sun.obj; sourceTree = "<group>"; };
		209D195E24B8353300681958 /* LandscapeScene.swift */ = {isa = PBXFileReference; lastKnownFileType = sourcecode.swift; path = LandscapeScene.swift; sourceTree = "<group>"; };
		209D196024B83B8A00681958 /* CrowdScene.swift */ = {isa = PBXFileReference; lastKnownFileType = sourcecode.swift; path = CrowdScene.swift; sourceTree = "<group>"; };
		209D196224B83F9200681958 /* Instance.swift */ = {isa = PBXFileReference; lastKnownFileType = sourcecode.swift; path = Instance.swift; sourceTree = "<group>"; };
		209D196424B845D800681958 /* InstanceScene.swift */ = {isa = PBXFileReference; lastKnownFileType = sourcecode.swift; path = InstanceScene.swift; sourceTree = "<group>"; };
		20D7304024B01F5600028FE8 /* Scene.swift */ = {isa = PBXFileReference; lastKnownFileType = sourcecode.swift; path = Scene.swift; sourceTree = "<group>"; };
		20D7304224B01F6500028FE8 /* GameScene.swift */ = {isa = PBXFileReference; lastKnownFileType = sourcecode.swift; path = GameScene.swift; sourceTree = "<group>"; };
		20D7304424B01F7600028FE8 /* Node.swift */ = {isa = PBXFileReference; lastKnownFileType = sourcecode.swift; path = Node.swift; sourceTree = "<group>"; };
		20D7304624B01F7F00028FE8 /* Plane.swift */ = {isa = PBXFileReference; lastKnownFileType = sourcecode.swift; path = Plane.swift; sourceTree = "<group>"; };
		20D7304A24B0497400028FE8 /* Types.swift */ = {isa = PBXFileReference; lastKnownFileType = sourcecode.swift; path = Types.swift; sourceTree = "<group>"; };
		20D7304C24B0531F00028FE8 /* Renderable.swift */ = {isa = PBXFileReference; lastKnownFileType = sourcecode.swift; path = Renderable.swift; sourceTree = "<group>"; };
		20D7305024B07A6500028FE8 /* Texturable.swift */ = {isa = PBXFileReference; lastKnownFileType = sourcecode.swift; path = Texturable.swift; sourceTree = "<group>"; };
		20F3301524B853F80012D204 /* grass.obj */ = {isa = PBXFileReference; fileEncoding = 4; lastKnownFileType = text; path = grass.obj; sourceTree = "<group>"; };
/* End PBXFileReference section */

/* Begin PBXFrameworksBuildPhase section */
		201E129424AFB3AF00C01F47 /* Frameworks */ = {
			isa = PBXFrameworksBuildPhase;
			buildActionMask = 2147483647;
			files = (
			);
			runOnlyForDeploymentPostprocessing = 0;
		};
/* End PBXFrameworksBuildPhase section */

/* Begin PBXGroup section */
		201E128E24AFB3AF00C01F47 = {
			isa = PBXGroup;
			children = (
				201E129924AFB3AF00C01F47 /* BrickBreak */,
				201E129824AFB3AF00C01F47 /* Products */,
			);
			sourceTree = "<group>";
		};
		201E129824AFB3AF00C01F47 /* Products */ = {
			isa = PBXGroup;
			children = (
				201E129724AFB3AF00C01F47 /* BrickBreak.app */,
			);
			name = Products;
			sourceTree = "<group>";
		};
		201E129924AFB3AF00C01F47 /* BrickBreak */ = {
			isa = PBXGroup;
			children = (
				2030F2B024BC31F000B833DF /* Sounds */,
				20416BBE24B783E1005CF8B8 /* Models */,
				2048069D24B12B63006C27D0 /* Images */,
				20D7303F24B01F4200028FE8 /* Nodes */,
				20D7303E24B01F3300028FE8 /* Scenes */,
				201E129A24AFB3AF00C01F47 /* AppDelegate.swift */,
				201E129C24AFB3AF00C01F47 /* SceneDelegate.swift */,
				201E12AE24AFB3BD00C01F47 /* Renderer.swift */,
				20D7304A24B0497400028FE8 /* Types.swift */,
				2030F2B524BC4E2C00B833DF /* SoundController.swift */,
				2030F29524BC309300B833DF /* Utilities.swift */,
				201E12B024AFB88B00C01F47 /* Shader.metal */,
				2048A88924B1C6A500D0EBAD /* MatrixMath.swift */,
				201E129E24AFB3AF00C01F47 /* ViewController.swift */,
				201E12A024AFB3AF00C01F47 /* Main.storyboard */,
				201E12A324AFB3B000C01F47 /* Assets.xcassets */,
				201E12A524AFB3B000C01F47 /* LaunchScreen.storyboard */,
				201E12A824AFB3B000C01F47 /* Info.plist */,
			);
			path = BrickBreak;
			sourceTree = "<group>";
		};
		2030F29724BC30BF00B833DF /* Game Models */ = {
			isa = PBXGroup;
			children = (
				2030F29824BC30BF00B833DF /* youlose.png */,
				2030F29924BC30BF00B833DF /* border.png */,
				2030F29A24BC30BF00B833DF /* ball.png */,
				2030F29B24BC30BF00B833DF /* paddle.obj */,
				2030F29C24BC30BF00B833DF /* youwin.png */,
				2030F29D24BC30BF00B833DF /* youwin.obj */,
				2030F29E24BC30BF00B833DF /* paddle.png */,
				2030F29F24BC30BF00B833DF /* ball.obj */,
				2030F2A024BC30BF00B833DF /* border.obj */,
				2030F2A124BC30BF00B833DF /* youlose.obj */,
				2030F2A224BC30BF00B833DF /* brick.obj */,
				2030F2A324BC30BF00B833DF /* brick.png */,
			);
			path = "Game Models";
			sourceTree = "<group>";
		};
		2030F2B024BC31F000B833DF /* Sounds */ = {
			isa = PBXGroup;
			children = (
				2030F2B124BC31F000B833DF /* bulletstorm_bg_v1.mp3 */,
				2030F2B224BC31F000B833DF /* pop.wav */,
			);
			path = Sounds;
			sourceTree = "<group>";
		};
		20416BBE24B783E1005CF8B8 /* Models */ = {
			isa = PBXGroup;
			children = (
				2030F29724BC30BF00B833DF /* Game Models */,
				20F3301424B853F80012D204 /* grass */,
				209D195B24B8348C00681958 /* sun */,
				20416BC324B78408005CF8B8 /* humanFigure */,
				20416BC524B78408005CF8B8 /* mushroom */,
				20416BBF24B78408005CF8B8 /* texturedCube */,
			);
			path = Models;
			sourceTree = "<group>";
		};
		20416BBF24B78408005CF8B8 /* texturedCube */ = {
			isa = PBXGroup;
			children = (
				20416BC024B78408005CF8B8 /* texturedCube.blend */,
				20416BC124B78408005CF8B8 /* texturedCube.png */,
				20416BC224B78408005CF8B8 /* texturedCube.obj */,
			);
			path = texturedCube;
			sourceTree = "<group>";
		};
		20416BC324B78408005CF8B8 /* humanFigure */ = {
			isa = PBXGroup;
			children = (
				20416BC424B78408005CF8B8 /* humanFigure.obj */,
			);
			path = humanFigure;
			sourceTree = "<group>";
		};
		20416BC524B78408005CF8B8 /* mushroom */ = {
			isa = PBXGroup;
			children = (
				20416BC624B78408005CF8B8 /* mushroom.png */,
				20416BC724B78408005CF8B8 /* mushroom.obj */,
			);
			path = mushroom;
			sourceTree = "<group>";
		};
		2048069D24B12B63006C27D0 /* Images */ = {
			isa = PBXGroup;
			children = (
				204806AA24B132F0006C27D0 /* picture-frame-mask.png */,
				204806AB24B132F0006C27D0 /* picture-frame.png */,
				204806AC24B132F0006C27D0 /* picture.png */,
			);
			path = Images;
			sourceTree = "<group>";
		};
		209D195B24B8348C00681958 /* sun */ = {
			isa = PBXGroup;
			children = (
				209D195C24B8348C00681958 /* sun.obj */,
			);
			path = sun;
			sourceTree = "<group>";
		};
		20D7303E24B01F3300028FE8 /* Scenes */ = {
			isa = PBXGroup;
			children = (
				20D7304024B01F5600028FE8 /* Scene.swift */,
				207C950B24B977790077367A /* LightingScene.swift */,
				2059CD4524BC729C00B7EC18 /* GameOverScene.swift */,
				209D195E24B8353300681958 /* LandscapeScene.swift */,
				209D196424B845D800681958 /* InstanceScene.swift */,
				20D7304224B01F6500028FE8 /* GameScene.swift */,
				209D196024B83B8A00681958 /* CrowdScene.swift */,
			);
			path = Scenes;
			sourceTree = "<group>";
		};
		20D7303F24B01F4200028FE8 /* Nodes */ = {
			isa = PBXGroup;
			children = (
				20D7304424B01F7600028FE8 /* Node.swift */,
				206610BA24B6AE9400FD7F4B /* Primitive.swift */,
				20D7304C24B0531F00028FE8 /* Renderable.swift */,
				206610C024B6E7F800FD7F4B /* Camera.swift */,
				20416BBC24B77B6D005CF8B8 /* Model.swift */,
				206610BC24B6B05600FD7F4B /* Cube.swift */,
				209D196224B83F9200681958 /* Instance.swift */,
				20D7304624B01F7F00028FE8 /* Plane.swift */,
				20D7305024B07A6500028FE8 /* Texturable.swift */,
			);
			path = Nodes;
			sourceTree = "<group>";
		};
		20F3301424B853F80012D204 /* grass */ = {
			isa = PBXGroup;
			children = (
				20F3301524B853F80012D204 /* grass.obj */,
			);
			path = grass;
			sourceTree = "<group>";
		};
/* End PBXGroup section */

/* Begin PBXNativeTarget section */
		201E129624AFB3AF00C01F47 /* BrickBreak */ = {
			isa = PBXNativeTarget;
			buildConfigurationList = 201E12AB24AFB3B000C01F47 /* Build configuration list for PBXNativeTarget "BrickBreak" */;
			buildPhases = (
				201E129324AFB3AF00C01F47 /* Sources */,
				201E129424AFB3AF00C01F47 /* Frameworks */,
				201E129524AFB3AF00C01F47 /* Resources */,
			);
			buildRules = (
			);
			dependencies = (
			);
			name = BrickBreak;
			productName = BrickBreak;
			productReference = 201E129724AFB3AF00C01F47 /* BrickBreak.app */;
			productType = "com.apple.product-type.application";
		};
/* End PBXNativeTarget section */

/* Begin PBXProject section */
		201E128F24AFB3AF00C01F47 /* Project object */ = {
			isa = PBXProject;
			attributes = {
				LastSwiftUpdateCheck = 1140;
				LastUpgradeCheck = 1140;
				ORGANIZATIONNAME = cmichaelsd;
				TargetAttributes = {
					201E129624AFB3AF00C01F47 = {
						CreatedOnToolsVersion = 11.4;
					};
				};
			};
			buildConfigurationList = 201E129224AFB3AF00C01F47 /* Build configuration list for PBXProject "BrickBreak" */;
			compatibilityVersion = "Xcode 9.3";
			developmentRegion = en;
			hasScannedForEncodings = 0;
			knownRegions = (
				en,
				Base,
			);
			mainGroup = 201E128E24AFB3AF00C01F47;
			productRefGroup = 201E129824AFB3AF00C01F47 /* Products */;
			projectDirPath = "";
			projectRoot = "";
			targets = (
				201E129624AFB3AF00C01F47 /* BrickBreak */,
			);
		};
/* End PBXProject section */

/* Begin PBXResourcesBuildPhase section */
		201E129524AFB3AF00C01F47 /* Resources */ = {
			isa = PBXResourcesBuildPhase;
			buildActionMask = 2147483647;
			files = (
				2030F2AB24BC30BF00B833DF /* ball.obj in Resources */,
				20416BCA24B78408005CF8B8 /* texturedCube.obj in Resources */,
				201E12A724AFB3B000C01F47 /* LaunchScreen.storyboard in Resources */,
				2030F2AF24BC30BF00B833DF /* brick.png in Resources */,
				204806AE24B132F0006C27D0 /* picture-frame.png in Resources */,
				20416BCB24B78408005CF8B8 /* humanFigure.obj in Resources */,
				20F3301624B853F80012D204 /* grass.obj in Resources */,
				2030F2AC24BC30BF00B833DF /* border.obj in Resources */,
				2030F2A724BC30BF00B833DF /* paddle.obj in Resources */,
				2030F2A424BC30BF00B833DF /* youlose.png in Resources */,
				2030F2B424BC31F000B833DF /* pop.wav in Resources */,
				204806AF24B132F0006C27D0 /* picture.png in Resources */,
				201E12A424AFB3B000C01F47 /* Assets.xcassets in Resources */,
				204806AD24B132F0006C27D0 /* picture-frame-mask.png in Resources */,
				20416BC824B78408005CF8B8 /* texturedCube.blend in Resources */,
				201E12A224AFB3AF00C01F47 /* Main.storyboard in Resources */,
				2030F2A624BC30BF00B833DF /* ball.png in Resources */,
				2030F2B324BC31F000B833DF /* bulletstorm_bg_v1.mp3 in Resources */,
				2030F2A524BC30BF00B833DF /* border.png in Resources */,
				209D195D24B8348C00681958 /* sun.obj in Resources */,
				20416BCC24B78408005CF8B8 /* mushroom.png in Resources */,
				20416BC924B78408005CF8B8 /* texturedCube.png in Resources */,
				2030F2AE24BC30BF00B833DF /* brick.obj in Resources */,
				2030F2A824BC30BF00B833DF /* youwin.png in Resources */,
				2030F2AD24BC30BF00B833DF /* youlose.obj in Resources */,
				2030F2A924BC30BF00B833DF /* youwin.obj in Resources */,
				2030F2AA24BC30BF00B833DF /* paddle.png in Resources */,
				20416BCD24B78408005CF8B8 /* mushroom.obj in Resources */,
			);
			runOnlyForDeploymentPostprocessing = 0;
		};
/* End PBXResourcesBuildPhase section */

/* Begin PBXSourcesBuildPhase section */
		201E129324AFB3AF00C01F47 /* Sources */ = {
			isa = PBXSourcesBuildPhase;
			buildActionMask = 2147483647;
			files = (
				206610C124B6E7F800FD7F4B /* Camera.swift in Sources */,
				201E12AF24AFB3BD00C01F47 /* Renderer.swift in Sources */,
				20D7304724B01F7F00028FE8 /* Plane.swift in Sources */,
				209D196524B845D800681958 /* InstanceScene.swift in Sources */,
				209D196124B83B8A00681958 /* CrowdScene.swift in Sources */,
				201E129F24AFB3AF00C01F47 /* ViewController.swift in Sources */,
				206610BB24B6AE9400FD7F4B /* Primitive.swift in Sources */,
				20D7304B24B0497400028FE8 /* Types.swift in Sources */,
				20D7304124B01F5600028FE8 /* Scene.swift in Sources */,
				20D7304D24B0531F00028FE8 /* Renderable.swift in Sources */,
				2059CD4624BC729C00B7EC18 /* GameOverScene.swift in Sources */,
				20D7304524B01F7600028FE8 /* Node.swift in Sources */,
				209D196324B83F9200681958 /* Instance.swift in Sources */,
				2030F29624BC309300B833DF /* Utilities.swift in Sources */,
				2030F2B624BC4E2C00B833DF /* SoundController.swift in Sources */,
				207C950C24B977790077367A /* LightingScene.swift in Sources */,
				20D7305124B07A6500028FE8 /* Texturable.swift in Sources */,
				20416BBD24B77B6D005CF8B8 /* Model.swift in Sources */,
				201E129B24AFB3AF00C01F47 /* AppDelegate.swift in Sources */,
				201E12B124AFB88B00C01F47 /* Shader.metal in Sources */,
				206610BD24B6B05600FD7F4B /* Cube.swift in Sources */,
				209D195F24B8353300681958 /* LandscapeScene.swift in Sources */,
				20D7304324B01F6500028FE8 /* GameScene.swift in Sources */,
				201E129D24AFB3AF00C01F47 /* SceneDelegate.swift in Sources */,
				2048A88A24B1C6A500D0EBAD /* MatrixMath.swift in Sources */,
			);
			runOnlyForDeploymentPostprocessing = 0;
		};
/* End PBXSourcesBuildPhase section */

/* Begin PBXVariantGroup section */
		201E12A024AFB3AF00C01F47 /* Main.storyboard */ = {
			isa = PBXVariantGroup;
			children = (
				201E12A124AFB3AF00C01F47 /* Base */,
			);
			name = Main.storyboard;
			sourceTree = "<group>";
		};
		201E12A524AFB3B000C01F47 /* LaunchScreen.storyboard */ = {
			isa = PBXVariantGroup;
			children = (
				201E12A624AFB3B000C01F47 /* Base */,
			);
			name = LaunchScreen.storyboard;
			sourceTree = "<group>";
		};
/* End PBXVariantGroup section */

/* Begin XCBuildConfiguration section */
		201E12A924AFB3B000C01F47 /* Debug */ = {
			isa = XCBuildConfiguration;
			buildSettings = {
				ALWAYS_SEARCH_USER_PATHS = NO;
				CLANG_ANALYZER_NONNULL = YES;
				CLANG_ANALYZER_NUMBER_OBJECT_CONVERSION = YES_AGGRESSIVE;
				CLANG_CXX_LANGUAGE_STANDARD = "gnu++14";
				CLANG_CXX_LIBRARY = "libc++";
				CLANG_ENABLE_MODULES = YES;
				CLANG_ENABLE_OBJC_ARC = YES;
				CLANG_ENABLE_OBJC_WEAK = YES;
				CLANG_WARN_BLOCK_CAPTURE_AUTORELEASING = YES;
				CLANG_WARN_BOOL_CONVERSION = YES;
				CLANG_WARN_COMMA = YES;
				CLANG_WARN_CONSTANT_CONVERSION = YES;
				CLANG_WARN_DEPRECATED_OBJC_IMPLEMENTATIONS = YES;
				CLANG_WARN_DIRECT_OBJC_ISA_USAGE = YES_ERROR;
				CLANG_WARN_DOCUMENTATION_COMMENTS = YES;
				CLANG_WARN_EMPTY_BODY = YES;
				CLANG_WARN_ENUM_CONVERSION = YES;
				CLANG_WARN_INFINITE_RECURSION = YES;
				CLANG_WARN_INT_CONVERSION = YES;
				CLANG_WARN_NON_LITERAL_NULL_CONVERSION = YES;
				CLANG_WARN_OBJC_IMPLICIT_RETAIN_SELF = YES;
				CLANG_WARN_OBJC_LITERAL_CONVERSION = YES;
				CLANG_WARN_OBJC_ROOT_CLASS = YES_ERROR;
				CLANG_WARN_RANGE_LOOP_ANALYSIS = YES;
				CLANG_WARN_STRICT_PROTOTYPES = YES;
				CLANG_WARN_SUSPICIOUS_MOVE = YES;
				CLANG_WARN_UNGUARDED_AVAILABILITY = YES_AGGRESSIVE;
				CLANG_WARN_UNREACHABLE_CODE = YES;
				CLANG_WARN__DUPLICATE_METHOD_MATCH = YES;
				COPY_PHASE_STRIP = NO;
				DEBUG_INFORMATION_FORMAT = dwarf;
				ENABLE_STRICT_OBJC_MSGSEND = YES;
				ENABLE_TESTABILITY = YES;
				GCC_C_LANGUAGE_STANDARD = gnu11;
				GCC_DYNAMIC_NO_PIC = NO;
				GCC_NO_COMMON_BLOCKS = YES;
				GCC_OPTIMIZATION_LEVEL = 0;
				GCC_PREPROCESSOR_DEFINITIONS = (
					"DEBUG=1",
					"$(inherited)",
				);
				GCC_WARN_64_TO_32_BIT_CONVERSION = YES;
				GCC_WARN_ABOUT_RETURN_TYPE = YES_ERROR;
				GCC_WARN_UNDECLARED_SELECTOR = YES;
				GCC_WARN_UNINITIALIZED_AUTOS = YES_AGGRESSIVE;
				GCC_WARN_UNUSED_FUNCTION = YES;
				GCC_WARN_UNUSED_VARIABLE = YES;
				IPHONEOS_DEPLOYMENT_TARGET = 13.4;
				MTL_ENABLE_DEBUG_INFO = INCLUDE_SOURCE;
				MTL_FAST_MATH = YES;
				ONLY_ACTIVE_ARCH = YES;
				SDKROOT = iphoneos;
				SWIFT_ACTIVE_COMPILATION_CONDITIONS = DEBUG;
				SWIFT_OPTIMIZATION_LEVEL = "-Onone";
			};
			name = Debug;
		};
		201E12AA24AFB3B000C01F47 /* Release */ = {
			isa = XCBuildConfiguration;
			buildSettings = {
				ALWAYS_SEARCH_USER_PATHS = NO;
				CLANG_ANALYZER_NONNULL = YES;
				CLANG_ANALYZER_NUMBER_OBJECT_CONVERSION = YES_AGGRESSIVE;
				CLANG_CXX_LANGUAGE_STANDARD = "gnu++14";
				CLANG_CXX_LIBRARY = "libc++";
				CLANG_ENABLE_MODULES = YES;
				CLANG_ENABLE_OBJC_ARC = YES;
				CLANG_ENABLE_OBJC_WEAK = YES;
				CLANG_WARN_BLOCK_CAPTURE_AUTORELEASING = YES;
				CLANG_WARN_BOOL_CONVERSION = YES;
				CLANG_WARN_COMMA = YES;
				CLANG_WARN_CONSTANT_CONVERSION = YES;
				CLANG_WARN_DEPRECATED_OBJC_IMPLEMENTATIONS = YES;
				CLANG_WARN_DIRECT_OBJC_ISA_USAGE = YES_ERROR;
				CLANG_WARN_DOCUMENTATION_COMMENTS = YES;
				CLANG_WARN_EMPTY_BODY = YES;
				CLANG_WARN_ENUM_CONVERSION = YES;
				CLANG_WARN_INFINITE_RECURSION = YES;
				CLANG_WARN_INT_CONVERSION = YES;
				CLANG_WARN_NON_LITERAL_NULL_CONVERSION = YES;
				CLANG_WARN_OBJC_IMPLICIT_RETAIN_SELF = YES;
				CLANG_WARN_OBJC_LITERAL_CONVERSION = YES;
				CLANG_WARN_OBJC_ROOT_CLASS = YES_ERROR;
				CLANG_WARN_RANGE_LOOP_ANALYSIS = YES;
				CLANG_WARN_STRICT_PROTOTYPES = YES;
				CLANG_WARN_SUSPICIOUS_MOVE = YES;
				CLANG_WARN_UNGUARDED_AVAILABILITY = YES_AGGRESSIVE;
				CLANG_WARN_UNREACHABLE_CODE = YES;
				CLANG_WARN__DUPLICATE_METHOD_MATCH = YES;
				COPY_PHASE_STRIP = NO;
				DEBUG_INFORMATION_FORMAT = "dwarf-with-dsym";
				ENABLE_NS_ASSERTIONS = NO;
				ENABLE_STRICT_OBJC_MSGSEND = YES;
				GCC_C_LANGUAGE_STANDARD = gnu11;
				GCC_NO_COMMON_BLOCKS = YES;
				GCC_WARN_64_TO_32_BIT_CONVERSION = YES;
				GCC_WARN_ABOUT_RETURN_TYPE = YES_ERROR;
				GCC_WARN_UNDECLARED_SELECTOR = YES;
				GCC_WARN_UNINITIALIZED_AUTOS = YES_AGGRESSIVE;
				GCC_WARN_UNUSED_FUNCTION = YES;
				GCC_WARN_UNUSED_VARIABLE = YES;
				IPHONEOS_DEPLOYMENT_TARGET = 13.4;
				MTL_ENABLE_DEBUG_INFO = NO;
				MTL_FAST_MATH = YES;
				SDKROOT = iphoneos;
				SWIFT_COMPILATION_MODE = wholemodule;
				SWIFT_OPTIMIZATION_LEVEL = "-O";
				VALIDATE_PRODUCT = YES;
			};
			name = Release;
		};
		201E12AC24AFB3B000C01F47 /* Debug */ = {
			isa = XCBuildConfiguration;
			buildSettings = {
				ASSETCATALOG_COMPILER_APPICON_NAME = AppIcon;
				CODE_SIGN_STYLE = Automatic;
				DEVELOPMENT_TEAM = 9Z3U972UV9;
				INFOPLIST_FILE = BrickBreak/Info.plist;
				IPHONEOS_DEPLOYMENT_TARGET = 13.5;
				LD_RUNPATH_SEARCH_PATHS = (
					"$(inherited)",
					"@executable_path/Frameworks",
				);
				PRODUCT_BUNDLE_IDENTIFIER = io.cmichaelsd.BrickBreak;
				PRODUCT_NAME = "$(TARGET_NAME)";
				SWIFT_VERSION = 5.0;
				TARGETED_DEVICE_FAMILY = "1,2";
			};
			name = Debug;
		};
		201E12AD24AFB3B000C01F47 /* Release */ = {
			isa = XCBuildConfiguration;
			buildSettings = {
				ASSETCATALOG_COMPILER_APPICON_NAME = AppIcon;
				CODE_SIGN_STYLE = Automatic;
				DEVELOPMENT_TEAM = 9Z3U972UV9;
				INFOPLIST_FILE = BrickBreak/Info.plist;
				IPHONEOS_DEPLOYMENT_TARGET = 13.5;
				LD_RUNPATH_SEARCH_PATHS = (
					"$(inherited)",
					"@executable_path/Frameworks",
				);
				PRODUCT_BUNDLE_IDENTIFIER = io.cmichaelsd.BrickBreak;
				PRODUCT_NAME = "$(TARGET_NAME)";
				SWIFT_VERSION = 5.0;
				TARGETED_DEVICE_FAMILY = "1,2";
			};
			name = Release;
		};
/* End XCBuildConfiguration section */

/* Begin XCConfigurationList section */
		201E129224AFB3AF00C01F47 /* Build configuration list for PBXProject "BrickBreak" */ = {
			isa = XCConfigurationList;
			buildConfigurations = (
				201E12A924AFB3B000C01F47 /* Debug */,
				201E12AA24AFB3B000C01F47 /* Release */,
			);
			defaultConfigurationIsVisible = 0;
			defaultConfigurationName = Release;
		};
		201E12AB24AFB3B000C01F47 /* Build configuration list for PBXNativeTarget "BrickBreak" */ = {
			isa = XCConfigurationList;
			buildConfigurations = (
				201E12AC24AFB3B000C01F47 /* Debug */,
				201E12AD24AFB3B000C01F47 /* Release */,
			);
			defaultConfigurationIsVisible = 0;
			defaultConfigurationName = Release;
		};
/* End XCConfigurationList section */
	};
	rootObject = 201E128F24AFB3AF00C01F47 /* Project object */;
}
